
Microsoft Visual Studio Solution File, Format Version 12.00
# Visual Studio Version 17
VisualStudioVersion = 17.9.34622.214
MinimumVisualStudioVersion = 10.0.40219.1
Project("{FAE04EC0-301F-11D3-BF4B-00C04F79EFBC}") = "CustomSearch", "CustomSearch\CustomSearch.csproj", "{CBAD6BA6-067C-49BF-9C59-1962EE4F7834}"
EndProject
Global
	GlobalSection(SolutionConfigurationPlatforms) = preSolution
		Debug|Any CPU = Debug|Any CPU
		Release|Any CPU = Release|Any CPU
	EndGlobalSection
	GlobalSection(ProjectConfigurationPlatforms) = postSolution
		{CBAD6BA6-067C-49BF-9C59-1962EE4F7834}.Debug|Any CPU.ActiveCfg = Debug|Any CPU
		{CBAD6BA6-067C-49BF-9C59-1962EE4F7834}.Debug|Any CPU.Build.0 = Debug|Any CPU
		{CBAD6BA6-067C-49BF-9C59-1962EE4F7834}.Release|Any CPU.ActiveCfg = Release|Any CPU
		{CBAD6BA6-067C-49BF-9C59-1962EE4F7834}.Release|Any CPU.Build.0 = Release|Any CPU
	EndGlobalSection
	GlobalSection(SolutionProperties) = preSolution
		HideSolutionNode = FALSE
	EndGlobalSection
	GlobalSection(ExtensibilityGlobals) = postSolution
		SolutionGuid = {1021BFBC-FFE5-4AC6-A308-EDE0F72577F0}
	EndGlobalSection
EndGlobal
